// !$*UTF8*$!
{
	archiveVersion = 1;
	classes = {
	};
	objectVersion = 56;
	objects = {

/* Begin PBXBuildFile section */
		617A7C0C2B65C8E500EFC4F2 /* AppDelegate.swift in Sources */ = {isa = PBXBuildFile; fileRef = 617A7C0B2B65C8E500EFC4F2 /* AppDelegate.swift */; };
		617A7C0E2B65C8E500EFC4F2 /* SceneDelegate.swift in Sources */ = {isa = PBXBuildFile; fileRef = 617A7C0D2B65C8E500EFC4F2 /* SceneDelegate.swift */; };
		617A7C102B65C8E500EFC4F2 /* NoteViewController.swift in Sources */ = {isa = PBXBuildFile; fileRef = 617A7C0F2B65C8E500EFC4F2 /* NoteViewController.swift */; };
		617A7C132B65C8E500EFC4F2 /* Main.storyboard in Resources */ = {isa = PBXBuildFile; fileRef = 617A7C112B65C8E500EFC4F2 /* Main.storyboard */; };
		617A7C152B65C8E700EFC4F2 /* Assets.xcassets in Resources */ = {isa = PBXBuildFile; fileRef = 617A7C142B65C8E700EFC4F2 /* Assets.xcassets */; };
		617A7C182B65C8E700EFC4F2 /* LaunchScreen.storyboard in Resources */ = {isa = PBXBuildFile; fileRef = 617A7C162B65C8E700EFC4F2 /* LaunchScreen.storyboard */; };
		617A7C202B667CE500EFC4F2 /* FoldersTableViewController.swift in Sources */ = {isa = PBXBuildFile; fileRef = 617A7C1F2B667CE500EFC4F2 /* FoldersTableViewController.swift */; };
		617A7C222B667CF600EFC4F2 /* NotesTableViewController.swift in Sources */ = {isa = PBXBuildFile; fileRef = 617A7C212B667CF600EFC4F2 /* NotesTableViewController.swift */; };
		617A7C272B66836100EFC4F2 /* Realm in Frameworks */ = {isa = PBXBuildFile; productRef = 617A7C262B66836100EFC4F2 /* Realm */; };
		617A7C292B66836100EFC4F2 /* RealmSwift in Frameworks */ = {isa = PBXBuildFile; productRef = 617A7C282B66836100EFC4F2 /* RealmSwift */; };
		617A7C2B2B6684B100EFC4F2 /* FolderModel.swift in Sources */ = {isa = PBXBuildFile; fileRef = 617A7C2A2B6684B100EFC4F2 /* FolderModel.swift */; };
		617A7C2D2B66865200EFC4F2 /* NoteModel.swift in Sources */ = {isa = PBXBuildFile; fileRef = 617A7C2C2B66865200EFC4F2 /* NoteModel.swift */; };
		617A7C332B66887D00EFC4F2 /* Service.swift in Sources */ = {isa = PBXBuildFile; fileRef = 617A7C322B66887D00EFC4F2 /* Service.swift */; };
/* End PBXBuildFile section */

/* Begin PBXFileReference section */
		617A7C082B65C8E500EFC4F2 /* NotesAppTestTask.app */ = {isa = PBXFileReference; explicitFileType = wrapper.application; includeInIndex = 0; path = NotesAppTestTask.app; sourceTree = BUILT_PRODUCTS_DIR; };
		617A7C0B2B65C8E500EFC4F2 /* AppDelegate.swift */ = {isa = PBXFileReference; lastKnownFileType = sourcecode.swift; path = AppDelegate.swift; sourceTree = "<group>"; };
		617A7C0D2B65C8E500EFC4F2 /* SceneDelegate.swift */ = {isa = PBXFileReference; lastKnownFileType = sourcecode.swift; path = SceneDelegate.swift; sourceTree = "<group>"; };
		617A7C0F2B65C8E500EFC4F2 /* NoteViewController.swift */ = {isa = PBXFileReference; lastKnownFileType = sourcecode.swift; path = NoteViewController.swift; sourceTree = "<group>"; };
		617A7C122B65C8E500EFC4F2 /* Base */ = {isa = PBXFileReference; lastKnownFileType = file.storyboard; name = Base; path = Base.lproj/Main.storyboard; sourceTree = "<group>"; };
		617A7C142B65C8E700EFC4F2 /* Assets.xcassets */ = {isa = PBXFileReference; lastKnownFileType = folder.assetcatalog; path = Assets.xcassets; sourceTree = "<group>"; };
		617A7C172B65C8E700EFC4F2 /* Base */ = {isa = PBXFileReference; lastKnownFileType = file.storyboard; name = Base; path = Base.lproj/LaunchScreen.storyboard; sourceTree = "<group>"; };
		617A7C192B65C8E700EFC4F2 /* Info.plist */ = {isa = PBXFileReference; lastKnownFileType = text.plist.xml; path = Info.plist; sourceTree = "<group>"; };
		617A7C1F2B667CE500EFC4F2 /* FoldersTableViewController.swift */ = {isa = PBXFileReference; lastKnownFileType = sourcecode.swift; path = FoldersTableViewController.swift; sourceTree = "<group>"; };
		617A7C212B667CF600EFC4F2 /* NotesTableViewController.swift */ = {isa = PBXFileReference; lastKnownFileType = sourcecode.swift; path = NotesTableViewController.swift; sourceTree = "<group>"; };
		617A7C2A2B6684B100EFC4F2 /* FolderModel.swift */ = {isa = PBXFileReference; lastKnownFileType = sourcecode.swift; path = FolderModel.swift; sourceTree = "<group>"; };
		617A7C2C2B66865200EFC4F2 /* NoteModel.swift */ = {isa = PBXFileReference; lastKnownFileType = sourcecode.swift; path = NoteModel.swift; sourceTree = "<group>"; };
		617A7C322B66887D00EFC4F2 /* Service.swift */ = {isa = PBXFileReference; lastKnownFileType = sourcecode.swift; path = Service.swift; sourceTree = "<group>"; };
/* End PBXFileReference section */

/* Begin PBXFrameworksBuildPhase section */
		617A7C052B65C8E500EFC4F2 /* Frameworks */ = {
			isa = PBXFrameworksBuildPhase;
			buildActionMask = 2147483647;
			files = (
				617A7C292B66836100EFC4F2 /* RealmSwift in Frameworks */,
				617A7C272B66836100EFC4F2 /* Realm in Frameworks */,
			);
			runOnlyForDeploymentPostprocessing = 0;
		};
/* End PBXFrameworksBuildPhase section */

/* Begin PBXGroup section */
		617A7BFF2B65C8E500EFC4F2 = {
			isa = PBXGroup;
			children = (
				617A7C0A2B65C8E500EFC4F2 /* NotesAppTestTask */,
				617A7C092B65C8E500EFC4F2 /* Products */,
			);
			sourceTree = "<group>";
		};
		617A7C092B65C8E500EFC4F2 /* Products */ = {
			isa = PBXGroup;
			children = (
				617A7C082B65C8E500EFC4F2 /* NotesAppTestTask.app */,
			);
			name = Products;
			sourceTree = "<group>";
		};
		617A7C0A2B65C8E500EFC4F2 /* NotesAppTestTask */ = {
			isa = PBXGroup;
			children = (
				617A7C302B66872700EFC4F2 /* AppDelegates */,
				617A7C2E2B6686B700EFC4F2 /* Folders */,
				617A7C2F2B6686C600EFC4F2 /* Notes */,
				617A7C342B668C9F00EFC4F2 /* Servises */,
				617A7C112B65C8E500EFC4F2 /* Main.storyboard */,
				617A7C142B65C8E700EFC4F2 /* Assets.xcassets */,
				617A7C162B65C8E700EFC4F2 /* LaunchScreen.storyboard */,
				617A7C192B65C8E700EFC4F2 /* Info.plist */,
			);
			path = NotesAppTestTask;
			sourceTree = "<group>";
		};
		617A7C2E2B6686B700EFC4F2 /* Folders */ = {
			isa = PBXGroup;
			children = (
				617A7C1F2B667CE500EFC4F2 /* FoldersTableViewController.swift */,
				617A7C2A2B6684B100EFC4F2 /* FolderModel.swift */,
			);
			path = Folders;
			sourceTree = "<group>";
		};
		617A7C2F2B6686C600EFC4F2 /* Notes */ = {
			isa = PBXGroup;
			children = (
				617A7C212B667CF600EFC4F2 /* NotesTableViewController.swift */,
				617A7C312B66884E00EFC4F2 /* Note */,
			);
			path = Notes;
			sourceTree = "<group>";
		};
		617A7C302B66872700EFC4F2 /* AppDelegates */ = {
			isa = PBXGroup;
			children = (
				617A7C0B2B65C8E500EFC4F2 /* AppDelegate.swift */,
				617A7C0D2B65C8E500EFC4F2 /* SceneDelegate.swift */,
			);
			path = AppDelegates;
			sourceTree = "<group>";
		};
		617A7C312B66884E00EFC4F2 /* Note */ = {
			isa = PBXGroup;
			children = (
				617A7C0F2B65C8E500EFC4F2 /* NoteViewController.swift */,
				617A7C2C2B66865200EFC4F2 /* NoteModel.swift */,
			);
			path = Note;
			sourceTree = "<group>";
		};
		617A7C342B668C9F00EFC4F2 /* Servises */ = {
			isa = PBXGroup;
			children = (
				617A7C322B66887D00EFC4F2 /* Service.swift */,
			);
			path = Servises;
			sourceTree = "<group>";
		};
/* End PBXGroup section */

/* Begin PBXNativeTarget section */
		617A7C072B65C8E500EFC4F2 /* NotesAppTestTask */ = {
			isa = PBXNativeTarget;
			buildConfigurationList = 617A7C1C2B65C8E700EFC4F2 /* Build configuration list for PBXNativeTarget "NotesAppTestTask" */;
			buildPhases = (
				617A7C042B65C8E500EFC4F2 /* Sources */,
				617A7C052B65C8E500EFC4F2 /* Frameworks */,
				617A7C062B65C8E500EFC4F2 /* Resources */,
			);
			buildRules = (
			);
			dependencies = (
			);
			name = NotesAppTestTask;
			packageProductDependencies = (
				617A7C262B66836100EFC4F2 /* Realm */,
				617A7C282B66836100EFC4F2 /* RealmSwift */,
			);
			productName = NotesAppTestTask;
			productReference = 617A7C082B65C8E500EFC4F2 /* NotesAppTestTask.app */;
			productType = "com.apple.product-type.application";
		};
/* End PBXNativeTarget section */

/* Begin PBXProject section */
		617A7C002B65C8E500EFC4F2 /* Project object */ = {
			isa = PBXProject;
			attributes = {
				BuildIndependentTargetsInParallel = 1;
				LastSwiftUpdateCheck = 1500;
				LastUpgradeCheck = 1500;
				TargetAttributes = {
					617A7C072B65C8E500EFC4F2 = {
						CreatedOnToolsVersion = 15.0;
					};
				};
			};
			buildConfigurationList = 617A7C032B65C8E500EFC4F2 /* Build configuration list for PBXProject "NotesAppTestTask" */;
			compatibilityVersion = "Xcode 14.0";
			developmentRegion = en;
			hasScannedForEncodings = 0;
			knownRegions = (
				en,
				Base,
			);
			mainGroup = 617A7BFF2B65C8E500EFC4F2;
			packageReferences = (
				617A7C252B66836100EFC4F2 /* XCRemoteSwiftPackageReference "realm-swift" */,
			);
			productRefGroup = 617A7C092B65C8E500EFC4F2 /* Products */;
			projectDirPath = "";
			projectRoot = "";
			targets = (
				617A7C072B65C8E500EFC4F2 /* NotesAppTestTask */,
			);
		};
/* End PBXProject section */

/* Begin PBXResourcesBuildPhase section */
		617A7C062B65C8E500EFC4F2 /* Resources */ = {
			isa = PBXResourcesBuildPhase;
			buildActionMask = 2147483647;
			files = (
				617A7C182B65C8E700EFC4F2 /* LaunchScreen.storyboard in Resources */,
				617A7C152B65C8E700EFC4F2 /* Assets.xcassets in Resources */,
				617A7C132B65C8E500EFC4F2 /* Main.storyboard in Resources */,
			);
			runOnlyForDeploymentPostprocessing = 0;
		};
/* End PBXResourcesBuildPhase section */

/* Begin PBXSourcesBuildPhase section */
		617A7C042B65C8E500EFC4F2 /* Sources */ = {
			isa = PBXSourcesBuildPhase;
			buildActionMask = 2147483647;
			files = (
				617A7C102B65C8E500EFC4F2 /* NoteViewController.swift in Sources */,
				617A7C332B66887D00EFC4F2 /* Service.swift in Sources */,
				617A7C0C2B65C8E500EFC4F2 /* AppDelegate.swift in Sources */,
				617A7C202B667CE500EFC4F2 /* FoldersTableViewController.swift in Sources */,
				617A7C2D2B66865200EFC4F2 /* NoteModel.swift in Sources */,
				617A7C2B2B6684B100EFC4F2 /* FolderModel.swift in Sources */,
				617A7C0E2B65C8E500EFC4F2 /* SceneDelegate.swift in Sources */,
				617A7C222B667CF600EFC4F2 /* NotesTableViewController.swift in Sources */,
			);
			runOnlyForDeploymentPostprocessing = 0;
		};
/* End PBXSourcesBuildPhase section */

/* Begin PBXVariantGroup section */
		617A7C112B65C8E500EFC4F2 /* Main.storyboard */ = {
			isa = PBXVariantGroup;
			children = (
				617A7C122B65C8E500EFC4F2 /* Base */,
			);
			name = Main.storyboard;
			sourceTree = "<group>";
		};
		617A7C162B65C8E700EFC4F2 /* LaunchScreen.storyboard */ = {
			isa = PBXVariantGroup;
			children = (
				617A7C172B65C8E700EFC4F2 /* Base */,
			);
			name = LaunchScreen.storyboard;
			sourceTree = "<group>";
		};
/* End PBXVariantGroup section */

/* Begin XCBuildConfiguration section */
		617A7C1A2B65C8E700EFC4F2 /* Debug */ = {
			isa = XCBuildConfiguration;
			buildSettings = {
				ALWAYS_SEARCH_USER_PATHS = NO;
				ASSETCATALOG_COMPILER_GENERATE_SWIFT_ASSET_SYMBOL_EXTENSIONS = YES;
				CLANG_ANALYZER_NONNULL = YES;
				CLANG_ANALYZER_NUMBER_OBJECT_CONVERSION = YES_AGGRESSIVE;
				CLANG_CXX_LANGUAGE_STANDARD = "gnu++20";
				CLANG_ENABLE_MODULES = YES;
				CLANG_ENABLE_OBJC_ARC = YES;
				CLANG_ENABLE_OBJC_WEAK = YES;
				CLANG_WARN_BLOCK_CAPTURE_AUTORELEASING = YES;
				CLANG_WARN_BOOL_CONVERSION = YES;
				CLANG_WARN_COMMA = YES;
				CLANG_WARN_CONSTANT_CONVERSION = YES;
				CLANG_WARN_DEPRECATED_OBJC_IMPLEMENTATIONS = YES;
				CLANG_WARN_DIRECT_OBJC_ISA_USAGE = YES_ERROR;
				CLANG_WARN_DOCUMENTATION_COMMENTS = YES;
				CLANG_WARN_EMPTY_BODY = YES;
				CLANG_WARN_ENUM_CONVERSION = YES;
				CLANG_WARN_INFINITE_RECURSION = YES;
				CLANG_WARN_INT_CONVERSION = YES;
				CLANG_WARN_NON_LITERAL_NULL_CONVERSION = YES;
				CLANG_WARN_OBJC_IMPLICIT_RETAIN_SELF = YES;
				CLANG_WARN_OBJC_LITERAL_CONVERSION = YES;
				CLANG_WARN_OBJC_ROOT_CLASS = YES_ERROR;
				CLANG_WARN_QUOTED_INCLUDE_IN_FRAMEWORK_HEADER = YES;
				CLANG_WARN_RANGE_LOOP_ANALYSIS = YES;
				CLANG_WARN_STRICT_PROTOTYPES = YES;
				CLANG_WARN_SUSPICIOUS_MOVE = YES;
				CLANG_WARN_UNGUARDED_AVAILABILITY = YES_AGGRESSIVE;
				CLANG_WARN_UNREACHABLE_CODE = YES;
				CLANG_WARN__DUPLICATE_METHOD_MATCH = YES;
				COPY_PHASE_STRIP = NO;
				DEBUG_INFORMATION_FORMAT = dwarf;
				ENABLE_STRICT_OBJC_MSGSEND = YES;
				ENABLE_TESTABILITY = YES;
				ENABLE_USER_SCRIPT_SANDBOXING = YES;
				GCC_C_LANGUAGE_STANDARD = gnu17;
				GCC_DYNAMIC_NO_PIC = NO;
				GCC_NO_COMMON_BLOCKS = YES;
				GCC_OPTIMIZATION_LEVEL = 0;
				GCC_PREPROCESSOR_DEFINITIONS = (
					"DEBUG=1",
					"$(inherited)",
				);
				GCC_WARN_64_TO_32_BIT_CONVERSION = YES;
				GCC_WARN_ABOUT_RETURN_TYPE = YES_ERROR;
				GCC_WARN_UNDECLARED_SELECTOR = YES;
				GCC_WARN_UNINITIALIZED_AUTOS = YES_AGGRESSIVE;
				GCC_WARN_UNUSED_FUNCTION = YES;
				GCC_WARN_UNUSED_VARIABLE = YES;
				IPHONEOS_DEPLOYMENT_TARGET = 17.0;
				LOCALIZATION_PREFERS_STRING_CATALOGS = YES;
				MTL_ENABLE_DEBUG_INFO = INCLUDE_SOURCE;
				MTL_FAST_MATH = YES;
				ONLY_ACTIVE_ARCH = YES;
				SDKROOT = iphoneos;
				SWIFT_ACTIVE_COMPILATION_CONDITIONS = "DEBUG $(inherited)";
				SWIFT_OPTIMIZATION_LEVEL = "-Onone";
			};
			name = Debug;
		};
		617A7C1B2B65C8E700EFC4F2 /* Release */ = {
			isa = XCBuildConfiguration;
			buildSettings = {
				ALWAYS_SEARCH_USER_PATHS = NO;
				ASSETCATALOG_COMPILER_GENERATE_SWIFT_ASSET_SYMBOL_EXTENSIONS = YES;
				CLANG_ANALYZER_NONNULL = YES;
				CLANG_ANALYZER_NUMBER_OBJECT_CONVERSION = YES_AGGRESSIVE;
				CLANG_CXX_LANGUAGE_STANDARD = "gnu++20";
				CLANG_ENABLE_MODULES = YES;
				CLANG_ENABLE_OBJC_ARC = YES;
				CLANG_ENABLE_OBJC_WEAK = YES;
				CLANG_WARN_BLOCK_CAPTURE_AUTORELEASING = YES;
				CLANG_WARN_BOOL_CONVERSION = YES;
				CLANG_WARN_COMMA = YES;
				CLANG_WARN_CONSTANT_CONVERSION = YES;
				CLANG_WARN_DEPRECATED_OBJC_IMPLEMENTATIONS = YES;
				CLANG_WARN_DIRECT_OBJC_ISA_USAGE = YES_ERROR;
				CLANG_WARN_DOCUMENTATION_COMMENTS = YES;
				CLANG_WARN_EMPTY_BODY = YES;
				CLANG_WARN_ENUM_CONVERSION = YES;
				CLANG_WARN_INFINITE_RECURSION = YES;
				CLANG_WARN_INT_CONVERSION = YES;
				CLANG_WARN_NON_LITERAL_NULL_CONVERSION = YES;
				CLANG_WARN_OBJC_IMPLICIT_RETAIN_SELF = YES;
				CLANG_WARN_OBJC_LITERAL_CONVERSION = YES;
				CLANG_WARN_OBJC_ROOT_CLASS = YES_ERROR;
				CLANG_WARN_QUOTED_INCLUDE_IN_FRAMEWORK_HEADER = YES;
				CLANG_WARN_RANGE_LOOP_ANALYSIS = YES;
				CLANG_WARN_STRICT_PROTOTYPES = YES;
				CLANG_WARN_SUSPICIOUS_MOVE = YES;
				CLANG_WARN_UNGUARDED_AVAILABILITY = YES_AGGRESSIVE;
				CLANG_WARN_UNREACHABLE_CODE = YES;
				CLANG_WARN__DUPLICATE_METHOD_MATCH = YES;
				COPY_PHASE_STRIP = NO;
				DEBUG_INFORMATION_FORMAT = "dwarf-with-dsym";
				ENABLE_NS_ASSERTIONS = NO;
				ENABLE_STRICT_OBJC_MSGSEND = YES;
				ENABLE_USER_SCRIPT_SANDBOXING = YES;
				GCC_C_LANGUAGE_STANDARD = gnu17;
				GCC_NO_COMMON_BLOCKS = YES;
				GCC_WARN_64_TO_32_BIT_CONVERSION = YES;
				GCC_WARN_ABOUT_RETURN_TYPE = YES_ERROR;
				GCC_WARN_UNDECLARED_SELECTOR = YES;
				GCC_WARN_UNINITIALIZED_AUTOS = YES_AGGRESSIVE;
				GCC_WARN_UNUSED_FUNCTION = YES;
				GCC_WARN_UNUSED_VARIABLE = YES;
				IPHONEOS_DEPLOYMENT_TARGET = 17.0;
				LOCALIZATION_PREFERS_STRING_CATALOGS = YES;
				MTL_ENABLE_DEBUG_INFO = NO;
				MTL_FAST_MATH = YES;
				SDKROOT = iphoneos;
				SWIFT_COMPILATION_MODE = wholemodule;
				VALIDATE_PRODUCT = YES;
			};
			name = Release;
		};
		617A7C1D2B65C8E700EFC4F2 /* Debug */ = {
			isa = XCBuildConfiguration;
			buildSettings = {
				ASSETCATALOG_COMPILER_APPICON_NAME = AppIcon;
				ASSETCATALOG_COMPILER_GLOBAL_ACCENT_COLOR_NAME = AccentColor;
				CODE_SIGN_STYLE = Automatic;
				CURRENT_PROJECT_VERSION = 1;
				GENERATE_INFOPLIST_FILE = YES;
				INFOPLIST_FILE = NotesAppTestTask/Info.plist;
				INFOPLIST_KEY_UIApplicationSupportsIndirectInputEvents = YES;
				INFOPLIST_KEY_UILaunchStoryboardName = LaunchScreen;
				INFOPLIST_KEY_UIMainStoryboardFile = Main;
				INFOPLIST_KEY_UISupportedInterfaceOrientations_iPad = "UIInterfaceOrientationPortrait UIInterfaceOrientationPortraitUpsideDown UIInterfaceOrientationLandscapeLeft UIInterfaceOrientationLandscapeRight";
				INFOPLIST_KEY_UISupportedInterfaceOrientations_iPhone = "UIInterfaceOrientationPortrait UIInterfaceOrientationLandscapeLeft UIInterfaceOrientationLandscapeRight";
				LD_RUNPATH_SEARCH_PATHS = (
					"$(inherited)",
					"@executable_path/Frameworks",
				);
				MARKETING_VERSION = 1.0;
				PRODUCT_BUNDLE_IDENTIFIER = com.torishar.NotesAppTestTask;
				PRODUCT_NAME = "$(TARGET_NAME)";
				SWIFT_EMIT_LOC_STRINGS = YES;
				SWIFT_VERSION = 5.0;
				TARGETED_DEVICE_FAMILY = "1,2";
			};
			name = Debug;
		};
		617A7C1E2B65C8E700EFC4F2 /* Release */ = {
			isa = XCBuildConfiguration;
			buildSettings = {
				ASSETCATALOG_COMPILER_APPICON_NAME = AppIcon;
				ASSETCATALOG_COMPILER_GLOBAL_ACCENT_COLOR_NAME = AccentColor;
				CODE_SIGN_STYLE = Automatic;
				CURRENT_PROJECT_VERSION = 1;
				GENERATE_INFOPLIST_FILE = YES;
				INFOPLIST_FILE = NotesAppTestTask/Info.plist;
				INFOPLIST_KEY_UIApplicationSupportsIndirectInputEvents = YES;
				INFOPLIST_KEY_UILaunchStoryboardName = LaunchScreen;
				INFOPLIST_KEY_UIMainStoryboardFile = Main;
				INFOPLIST_KEY_UISupportedInterfaceOrientations_iPad = "UIInterfaceOrientationPortrait UIInterfaceOrientationPortraitUpsideDown UIInterfaceOrientationLandscapeLeft UIInterfaceOrientationLandscapeRight";
				INFOPLIST_KEY_UISupportedInterfaceOrientations_iPhone = "UIInterfaceOrientationPortrait UIInterfaceOrientationLandscapeLeft UIInterfaceOrientationLandscapeRight";
				LD_RUNPATH_SEARCH_PATHS = (
					"$(inherited)",
					"@executable_path/Frameworks",
				);
				MARKETING_VERSION = 1.0;
				PRODUCT_BUNDLE_IDENTIFIER = com.torishar.NotesAppTestTask;
				PRODUCT_NAME = "$(TARGET_NAME)";
				SWIFT_EMIT_LOC_STRINGS = YES;
				SWIFT_VERSION = 5.0;
				TARGETED_DEVICE_FAMILY = "1,2";
			};
			name = Release;
		};
/* End XCBuildConfiguration section */

/* Begin XCConfigurationList section */
		617A7C032B65C8E500EFC4F2 /* Build configuration list for PBXProject "NotesAppTestTask" */ = {
			isa = XCConfigurationList;
			buildConfigurations = (
				617A7C1A2B65C8E700EFC4F2 /* Debug */,
				617A7C1B2B65C8E700EFC4F2 /* Release */,
			);
			defaultConfigurationIsVisible = 0;
			defaultConfigurationName = Release;
		};
		617A7C1C2B65C8E700EFC4F2 /* Build configuration list for PBXNativeTarget "NotesAppTestTask" */ = {
			isa = XCConfigurationList;
			buildConfigurations = (
				617A7C1D2B65C8E700EFC4F2 /* Debug */,
				617A7C1E2B65C8E700EFC4F2 /* Release */,
			);
			defaultConfigurationIsVisible = 0;
			defaultConfigurationName = Release;
		};
/* End XCConfigurationList section */

/* Begin XCRemoteSwiftPackageReference section */
		617A7C252B66836100EFC4F2 /* XCRemoteSwiftPackageReference "realm-swift" */ = {
			isa = XCRemoteSwiftPackageReference;
			repositoryURL = "https://github.com/realm/realm-swift.git";
			requirement = {
				branch = master;
				kind = branch;
			};
		};
/* End XCRemoteSwiftPackageReference section */

/* Begin XCSwiftPackageProductDependency section */
		617A7C262B66836100EFC4F2 /* Realm */ = {
			isa = XCSwiftPackageProductDependency;
			package = 617A7C252B66836100EFC4F2 /* XCRemoteSwiftPackageReference "realm-swift" */;
			productName = Realm;
		};
		617A7C282B66836100EFC4F2 /* RealmSwift */ = {
			isa = XCSwiftPackageProductDependency;
			package = 617A7C252B66836100EFC4F2 /* XCRemoteSwiftPackageReference "realm-swift" */;
			productName = RealmSwift;
		};
/* End XCSwiftPackageProductDependency section */
	};
	rootObject = 617A7C002B65C8E500EFC4F2 /* Project object */;
}
